
Microsoft Visual Studio Solution File, Format Version 12.00
# Visual Studio Version 16
VisualStudioVersion = 16.0.31911.196
MinimumVisualStudioVersion = 10.0.40219.1
Project("{888888A0-9F3D-457C-B088-3A5042F75D52}") = "Translate", "Translate\Translate.pyproj", "{03483FCA-A593-45A0-AD1B-AEA895583732}"
EndProject
Global
	GlobalSection(SolutionConfigurationPlatforms) = preSolution
		Debug|Any CPU = Debug|Any CPU
		Release|Any CPU = Release|Any CPU
	EndGlobalSection
	GlobalSection(ProjectConfigurationPlatforms) = postSolution
		{03483FCA-A593-45A0-AD1B-AEA895583732}.Debug|Any CPU.ActiveCfg = Debug|Any CPU
		{03483FCA-A593-45A0-AD1B-AEA895583732}.Release|Any CPU.ActiveCfg = Release|Any CPU
	EndGlobalSection
	GlobalSection(SolutionProperties) = preSolution
		HideSolutionNode = FALSE
	EndGlobalSection
	GlobalSection(ExtensibilityGlobals) = postSolution
		SolutionGuid = {EEA0031E-7DF8-46E7-9861-63DF9504AEC5}
	EndGlobalSection
EndGlobal
